
Microsoft Visual Studio Solution File, Format Version 12.00
# Visual Studio Version 17
VisualStudioVersion = 17.9.34723.18
MinimumVisualStudioVersion = 10.0.40219.1
Project("{FAE04EC0-301F-11D3-BF4B-00C04F79EFBC}") = "T2_FP_02", "T2_FP_02.csproj", "{499E2111-CB97-4A50-BD44-7B9BA3252229}"
EndProject
Global
	GlobalSection(SolutionConfigurationPlatforms) = preSolution
		Debug|Any CPU = Debug|Any CPU
		Release|Any CPU = Release|Any CPU
	EndGlobalSection
	GlobalSection(ProjectConfigurationPlatforms) = postSolution
		{499E2111-CB97-4A50-BD44-7B9BA3252229}.Debug|Any CPU.ActiveCfg = Debug|Any CPU
		{499E2111-CB97-4A50-BD44-7B9BA3252229}.Debug|Any CPU.Build.0 = Debug|Any CPU
		{499E2111-CB97-4A50-BD44-7B9BA3252229}.Release|Any CPU.ActiveCfg = Release|Any CPU
		{499E2111-CB97-4A50-BD44-7B9BA3252229}.Release|Any CPU.Build.0 = Release|Any CPU
	EndGlobalSection
	GlobalSection(SolutionProperties) = preSolution
		HideSolutionNode = FALSE
	EndGlobalSection
	GlobalSection(ExtensibilityGlobals) = postSolution
		SolutionGuid = {295FEA4E-DD9F-4473-B98C-B4323C3F2FB9}
	EndGlobalSection
EndGlobal
